
Microsoft Visual Studio Solution File, Format Version 12.00
# Visual Studio Version 16
VisualStudioVersion = 16.0.29613.14
MinimumVisualStudioVersion = 10.0.40219.1
Project("{FAE04EC0-301F-11D3-BF4B-00C04F79EFBC}") = "SerialMonitorWPF", "SerialMonitorWPF\SerialMonitorWPF.csproj", "{DEFA19F0-7251-45F1-92E3-29D4B8B775B1}"
EndProject
Project("{FAE04EC0-301F-11D3-BF4B-00C04F79EFBC}") = "TemperatureConsoleLibrary", "TemperatureConsoleLibrary\TemperatureConsoleLibrary.csproj", "{DA1EAA6A-3943-4D5C-BAEC-3119C88E89A7}"
EndProject
Project("{FAE04EC0-301F-11D3-BF4B-00C04F79EFBC}") = "BatteryConsoleLibrary", "BatteryConsoleLibrary\BatteryConsoleLibrary.csproj", "{F14824E7-68E8-4C4A-8B51-FC4942E9C396}"
EndProject
Project("{FAE04EC0-301F-11D3-BF4B-00C04F79EFBC}") = "RPMGaugeLibrary", "RPMGaugeLibrary\RPMGaugeLibrary.csproj", "{98E3DEC2-EBE5-4522-ACD9-55924082FEFB}"
EndProject
Project("{FAE04EC0-301F-11D3-BF4B-00C04F79EFBC}") = "AspectRatioHelper", "AspectRatioHelper\AspectRatioHelper.csproj", "{E4A8EC2F-A02C-4DA2-AD85-E77A8A27B304}"
EndProject
Global
	GlobalSection(SolutionConfigurationPlatforms) = preSolution
		Debug|Any CPU = Debug|Any CPU
		Release|Any CPU = Release|Any CPU
	EndGlobalSection
	GlobalSection(ProjectConfigurationPlatforms) = postSolution
		{DEFA19F0-7251-45F1-92E3-29D4B8B775B1}.Debug|Any CPU.ActiveCfg = Debug|Any CPU
		{DEFA19F0-7251-45F1-92E3-29D4B8B775B1}.Debug|Any CPU.Build.0 = Debug|Any CPU
		{DEFA19F0-7251-45F1-92E3-29D4B8B775B1}.Release|Any CPU.ActiveCfg = Release|Any CPU
		{DEFA19F0-7251-45F1-92E3-29D4B8B775B1}.Release|Any CPU.Build.0 = Release|Any CPU
		{DA1EAA6A-3943-4D5C-BAEC-3119C88E89A7}.Debug|Any CPU.ActiveCfg = Debug|Any CPU
		{DA1EAA6A-3943-4D5C-BAEC-3119C88E89A7}.Debug|Any CPU.Build.0 = Debug|Any CPU
		{DA1EAA6A-3943-4D5C-BAEC-3119C88E89A7}.Release|Any CPU.ActiveCfg = Release|Any CPU
		{DA1EAA6A-3943-4D5C-BAEC-3119C88E89A7}.Release|Any CPU.Build.0 = Release|Any CPU
		{F14824E7-68E8-4C4A-8B51-FC4942E9C396}.Debug|Any CPU.ActiveCfg = Debug|Any CPU
		{F14824E7-68E8-4C4A-8B51-FC4942E9C396}.Debug|Any CPU.Build.0 = Debug|Any CPU
		{F14824E7-68E8-4C4A-8B51-FC4942E9C396}.Release|Any CPU.ActiveCfg = Release|Any CPU
		{F14824E7-68E8-4C4A-8B51-FC4942E9C396}.Release|Any CPU.Build.0 = Release|Any CPU
		{98E3DEC2-EBE5-4522-ACD9-55924082FEFB}.Debug|Any CPU.ActiveCfg = Debug|Any CPU
		{98E3DEC2-EBE5-4522-ACD9-55924082FEFB}.Debug|Any CPU.Build.0 = Debug|Any CPU
		{98E3DEC2-EBE5-4522-ACD9-55924082FEFB}.Release|Any CPU.ActiveCfg = Release|Any CPU
		{98E3DEC2-EBE5-4522-ACD9-55924082FEFB}.Release|Any CPU.Build.0 = Release|Any CPU
		{E4A8EC2F-A02C-4DA2-AD85-E77A8A27B304}.Debug|Any CPU.ActiveCfg = Debug|Any CPU
		{E4A8EC2F-A02C-4DA2-AD85-E77A8A27B304}.Debug|Any CPU.Build.0 = Debug|Any CPU
		{E4A8EC2F-A02C-4DA2-AD85-E77A8A27B304}.Release|Any CPU.ActiveCfg = Release|Any CPU
		{E4A8EC2F-A02C-4DA2-AD85-E77A8A27B304}.Release|Any CPU.Build.0 = Release|Any CPU
	EndGlobalSection
	GlobalSection(SolutionProperties) = preSolution
		HideSolutionNode = FALSE
	EndGlobalSection
	GlobalSection(ExtensibilityGlobals) = postSolution
		SolutionGuid = {A78E4EC4-11D8-41EC-BAAD-1453D6532DC7}
	EndGlobalSection
EndGlobal
