
Microsoft Visual Studio Solution File, Format Version 12.00
# Visual Studio Version 16
VisualStudioVersion = 16.0.29613.14
MinimumVisualStudioVersion = 10.0.40219.1
Project("{FAE04EC0-301F-11D3-BF4B-00C04F79EFBC}") = "SerialMonitorWPF", "SerialMonitorWPF\SerialMonitorWPF.csproj", "{DEFA19F0-7251-45F1-92E3-29D4B8B775B1}"
EndProject
Global
	GlobalSection(SolutionConfigurationPlatforms) = preSolution
		Debug|Any CPU = Debug|Any CPU
		Release|Any CPU = Release|Any CPU
	EndGlobalSection
	GlobalSection(ProjectConfigurationPlatforms) = postSolution
		{DEFA19F0-7251-45F1-92E3-29D4B8B775B1}.Debug|Any CPU.ActiveCfg = Debug|Any CPU
		{DEFA19F0-7251-45F1-92E3-29D4B8B775B1}.Debug|Any CPU.Build.0 = Debug|Any CPU
		{DEFA19F0-7251-45F1-92E3-29D4B8B775B1}.Release|Any CPU.ActiveCfg = Release|Any CPU
		{DEFA19F0-7251-45F1-92E3-29D4B8B775B1}.Release|Any CPU.Build.0 = Release|Any CPU
	EndGlobalSection
	GlobalSection(SolutionProperties) = preSolution
		HideSolutionNode = FALSE
	EndGlobalSection
	GlobalSection(ExtensibilityGlobals) = postSolution
		SolutionGuid = {A78E4EC4-11D8-41EC-BAAD-1453D6532DC7}
	EndGlobalSection
EndGlobal
